// !$*UTF8*$!
{
	archiveVersion = 1;
	classes = {
	};
	objectVersion = 56;
	objects = {

/* Begin PBXBuildFile section */
		D16800072ADFCFA800E148E5 /* SnapKit in Frameworks */ = {isa = PBXBuildFile; productRef = D16800062ADFCFA800E148E5 /* SnapKit */; };
		D16800092ADFCFA800E148E5 /* SnapKit-Dynamic in Frameworks */ = {isa = PBXBuildFile; productRef = D16800082ADFCFA800E148E5 /* SnapKit-Dynamic */; };
		D168000B2ADFCFC600E148E5 /* SecondVC.swift in Sources */ = {isa = PBXBuildFile; fileRef = D168000A2ADFCFC600E148E5 /* SecondVC.swift */; };
		D168000D2ADFD33D00E148E5 /* ThirdVC.swift in Sources */ = {isa = PBXBuildFile; fileRef = D168000C2ADFD33D00E148E5 /* ThirdVC.swift */; };
		D168FFCF2ADFC22200E148E5 /* AppDelegate.swift in Sources */ = {isa = PBXBuildFile; fileRef = D168FFCE2ADFC22200E148E5 /* AppDelegate.swift */; };
		D168FFD32ADFC22200E148E5 /* ViewController.swift in Sources */ = {isa = PBXBuildFile; fileRef = D168FFD22ADFC22200E148E5 /* ViewController.swift */; };
		D168FFD82ADFC22400E148E5 /* Assets.xcassets in Resources */ = {isa = PBXBuildFile; fileRef = D168FFD72ADFC22400E148E5 /* Assets.xcassets */; };
		D168FFDB2ADFC22400E148E5 /* LaunchScreen.storyboard in Resources */ = {isa = PBXBuildFile; fileRef = D168FFD92ADFC22400E148E5 /* LaunchScreen.storyboard */; };
		D168FFE42ADFC28B00E148E5 /* GoogleMobileAds in Frameworks */ = {isa = PBXBuildFile; productRef = D168FFE32ADFC28B00E148E5 /* GoogleMobileAds */; };
/* End PBXBuildFile section */

/* Begin PBXFileReference section */
		D168000A2ADFCFC600E148E5 /* SecondVC.swift */ = {isa = PBXFileReference; lastKnownFileType = sourcecode.swift; path = SecondVC.swift; sourceTree = "<group>"; };
		D168000C2ADFD33D00E148E5 /* ThirdVC.swift */ = {isa = PBXFileReference; lastKnownFileType = sourcecode.swift; path = ThirdVC.swift; sourceTree = "<group>"; };
		D168FFCB2ADFC22200E148E5 /* SavingTheWorldFromLilithsEvilSpell2.app */ = {isa = PBXFileReference; explicitFileType = wrapper.application; includeInIndex = 0; path = SavingTheWorldFromLilithsEvilSpell2.app; sourceTree = BUILT_PRODUCTS_DIR; };
		D168FFCE2ADFC22200E148E5 /* AppDelegate.swift */ = {isa = PBXFileReference; lastKnownFileType = sourcecode.swift; path = AppDelegate.swift; sourceTree = "<group>"; };
		D168FFD22ADFC22200E148E5 /* ViewController.swift */ = {isa = PBXFileReference; lastKnownFileType = sourcecode.swift; path = ViewController.swift; sourceTree = "<group>"; };
		D168FFD72ADFC22400E148E5 /* Assets.xcassets */ = {isa = PBXFileReference; lastKnownFileType = folder.assetcatalog; path = Assets.xcassets; sourceTree = "<group>"; };
		D168FFDA2ADFC22400E148E5 /* Base */ = {isa = PBXFileReference; lastKnownFileType = file.storyboard; name = Base; path = Base.lproj/LaunchScreen.storyboard; sourceTree = "<group>"; };
		D168FFDC2ADFC22400E148E5 /* Info.plist */ = {isa = PBXFileReference; lastKnownFileType = text.plist.xml; path = Info.plist; sourceTree = "<group>"; };
/* End PBXFileReference section */

/* Begin PBXFrameworksBuildPhase section */
		D168FFC82ADFC22200E148E5 /* Frameworks */ = {
			isa = PBXFrameworksBuildPhase;
			buildActionMask = 2147483647;
			files = (
				D168FFE42ADFC28B00E148E5 /* GoogleMobileAds in Frameworks */,
				D16800072ADFCFA800E148E5 /* SnapKit in Frameworks */,
				D16800092ADFCFA800E148E5 /* SnapKit-Dynamic in Frameworks */,
			);
			runOnlyForDeploymentPostprocessing = 0;
		};
/* End PBXFrameworksBuildPhase section */

/* Begin PBXGroup section */
		D168FFC22ADFC22200E148E5 = {
			isa = PBXGroup;
			children = (
				D168FFCD2ADFC22200E148E5 /* SavingTheWorldFromLilithsEvilSpell2 */,
				D168FFCC2ADFC22200E148E5 /* Products */,
			);
			sourceTree = "<group>";
		};
		D168FFCC2ADFC22200E148E5 /* Products */ = {
			isa = PBXGroup;
			children = (
				D168FFCB2ADFC22200E148E5 /* SavingTheWorldFromLilithsEvilSpell2.app */,
			);
			name = Products;
			sourceTree = "<group>";
		};
		D168FFCD2ADFC22200E148E5 /* SavingTheWorldFromLilithsEvilSpell2 */ = {
			isa = PBXGroup;
			children = (
				D168FFCE2ADFC22200E148E5 /* AppDelegate.swift */,
				D168FFD22ADFC22200E148E5 /* ViewController.swift */,
				D168000A2ADFCFC600E148E5 /* SecondVC.swift */,
				D168000C2ADFD33D00E148E5 /* ThirdVC.swift */,
				D168FFD72ADFC22400E148E5 /* Assets.xcassets */,
				D168FFD92ADFC22400E148E5 /* LaunchScreen.storyboard */,
				D168FFDC2ADFC22400E148E5 /* Info.plist */,
			);
			path = SavingTheWorldFromLilithsEvilSpell2;
			sourceTree = "<group>";
		};
/* End PBXGroup section */

/* Begin PBXNativeTarget section */
		D168FFCA2ADFC22200E148E5 /* SavingTheWorldFromLilithsEvilSpell2 */ = {
			isa = PBXNativeTarget;
			buildConfigurationList = D168FFDF2ADFC22400E148E5 /* Build configuration list for PBXNativeTarget "SavingTheWorldFromLilithsEvilSpell2" */;
			buildPhases = (
				D168FFC72ADFC22200E148E5 /* Sources */,
				D168FFC82ADFC22200E148E5 /* Frameworks */,
				D168FFC92ADFC22200E148E5 /* Resources */,
			);
			buildRules = (
			);
			dependencies = (
			);
			name = SavingTheWorldFromLilithsEvilSpell2;
			packageProductDependencies = (
				D168FFE32ADFC28B00E148E5 /* GoogleMobileAds */,
				D16800062ADFCFA800E148E5 /* SnapKit */,
				D16800082ADFCFA800E148E5 /* SnapKit-Dynamic */,
			);
			productName = SavingTheWorldFromLilithsEvilSpell2;
			productReference = D168FFCB2ADFC22200E148E5 /* SavingTheWorldFromLilithsEvilSpell2.app */;
			productType = "com.apple.product-type.application";
		};
/* End PBXNativeTarget section */

/* Begin PBXProject section */
		D168FFC32ADFC22200E148E5 /* Project object */ = {
			isa = PBXProject;
			attributes = {
				BuildIndependentTargetsInParallel = 1;
				LastSwiftUpdateCheck = 1500;
				LastUpgradeCheck = 1500;
				TargetAttributes = {
					D168FFCA2ADFC22200E148E5 = {
						CreatedOnToolsVersion = 15.0;
					};
				};
			};
			buildConfigurationList = D168FFC62ADFC22200E148E5 /* Build configuration list for PBXProject "SavingTheWorldFromLilithsEvilSpell2" */;
			compatibilityVersion = "Xcode 14.0";
			developmentRegion = en;
			hasScannedForEncodings = 0;
			knownRegions = (
				en,
				Base,
			);
			mainGroup = D168FFC22ADFC22200E148E5;
			packageReferences = (
				D168FFE22ADFC28B00E148E5 /* XCRemoteSwiftPackageReference "swift-package-manager-google-mobile-ads" */,
				D16800052ADFCFA800E148E5 /* XCRemoteSwiftPackageReference "SnapKit" */,
			);
			productRefGroup = D168FFCC2ADFC22200E148E5 /* Products */;
			projectDirPath = "";
			projectRoot = "";
			targets = (
				D168FFCA2ADFC22200E148E5 /* SavingTheWorldFromLilithsEvilSpell2 */,
			);
		};
/* End PBXProject section */

/* Begin PBXResourcesBuildPhase section */
		D168FFC92ADFC22200E148E5 /* Resources */ = {
			isa = PBXResourcesBuildPhase;
			buildActionMask = 2147483647;
			files = (
				D168FFDB2ADFC22400E148E5 /* LaunchScreen.storyboard in Resources */,
				D168FFD82ADFC22400E148E5 /* Assets.xcassets in Resources */,
			);
			runOnlyForDeploymentPostprocessing = 0;
		};
/* End PBXResourcesBuildPhase section */

/* Begin PBXSourcesBuildPhase section */
		D168FFC72ADFC22200E148E5 /* Sources */ = {
			isa = PBXSourcesBuildPhase;
			buildActionMask = 2147483647;
			files = (
				D168000D2ADFD33D00E148E5 /* ThirdVC.swift in Sources */,
				D168FFD32ADFC22200E148E5 /* ViewController.swift in Sources */,
				D168000B2ADFCFC600E148E5 /* SecondVC.swift in Sources */,
				D168FFCF2ADFC22200E148E5 /* AppDelegate.swift in Sources */,
			);
			runOnlyForDeploymentPostprocessing = 0;
		};
/* End PBXSourcesBuildPhase section */

/* Begin PBXVariantGroup section */
		D168FFD92ADFC22400E148E5 /* LaunchScreen.storyboard */ = {
			isa = PBXVariantGroup;
			children = (
				D168FFDA2ADFC22400E148E5 /* Base */,
			);
			name = LaunchScreen.storyboard;
			sourceTree = "<group>";
		};
/* End PBXVariantGroup section */

/* Begin XCBuildConfiguration section */
		D168FFDD2ADFC22400E148E5 /* Debug */ = {
			isa = XCBuildConfiguration;
			buildSettings = {
				ALWAYS_SEARCH_USER_PATHS = NO;
				ASSETCATALOG_COMPILER_GENERATE_SWIFT_ASSET_SYMBOL_EXTENSIONS = YES;
				CLANG_ANALYZER_NONNULL = YES;
				CLANG_ANALYZER_NUMBER_OBJECT_CONVERSION = YES_AGGRESSIVE;
				CLANG_CXX_LANGUAGE_STANDARD = "gnu++20";
				CLANG_ENABLE_MODULES = YES;
				CLANG_ENABLE_OBJC_ARC = YES;
				CLANG_ENABLE_OBJC_WEAK = YES;
				CLANG_WARN_BLOCK_CAPTURE_AUTORELEASING = YES;
				CLANG_WARN_BOOL_CONVERSION = YES;
				CLANG_WARN_COMMA = YES;
				CLANG_WARN_CONSTANT_CONVERSION = YES;
				CLANG_WARN_DEPRECATED_OBJC_IMPLEMENTATIONS = YES;
				CLANG_WARN_DIRECT_OBJC_ISA_USAGE = YES_ERROR;
				CLANG_WARN_DOCUMENTATION_COMMENTS = YES;
				CLANG_WARN_EMPTY_BODY = YES;
				CLANG_WARN_ENUM_CONVERSION = YES;
				CLANG_WARN_INFINITE_RECURSION = YES;
				CLANG_WARN_INT_CONVERSION = YES;
				CLANG_WARN_NON_LITERAL_NULL_CONVERSION = YES;
				CLANG_WARN_OBJC_IMPLICIT_RETAIN_SELF = YES;
				CLANG_WARN_OBJC_LITERAL_CONVERSION = YES;
				CLANG_WARN_OBJC_ROOT_CLASS = YES_ERROR;
				CLANG_WARN_QUOTED_INCLUDE_IN_FRAMEWORK_HEADER = YES;
				CLANG_WARN_RANGE_LOOP_ANALYSIS = YES;
				CLANG_WARN_STRICT_PROTOTYPES = YES;
				CLANG_WARN_SUSPICIOUS_MOVE = YES;
				CLANG_WARN_UNGUARDED_AVAILABILITY = YES_AGGRESSIVE;
				CLANG_WARN_UNREACHABLE_CODE = YES;
				CLANG_WARN__DUPLICATE_METHOD_MATCH = YES;
				COPY_PHASE_STRIP = NO;
				DEBUG_INFORMATION_FORMAT = "dwarf-with-dsym";
				ENABLE_STRICT_OBJC_MSGSEND = YES;
				ENABLE_TESTABILITY = YES;
				ENABLE_USER_SCRIPT_SANDBOXING = YES;
				GCC_C_LANGUAGE_STANDARD = gnu17;
				GCC_DYNAMIC_NO_PIC = NO;
				GCC_NO_COMMON_BLOCKS = YES;
				GCC_OPTIMIZATION_LEVEL = 0;
				GCC_PREPROCESSOR_DEFINITIONS = (
					"DEBUG=1",
					"$(inherited)",
				);
				GCC_WARN_64_TO_32_BIT_CONVERSION = YES;
				GCC_WARN_ABOUT_RETURN_TYPE = YES_ERROR;
				GCC_WARN_UNDECLARED_SELECTOR = YES;
				GCC_WARN_UNINITIALIZED_AUTOS = YES_AGGRESSIVE;
				GCC_WARN_UNUSED_FUNCTION = YES;
				GCC_WARN_UNUSED_VARIABLE = YES;
				IPHONEOS_DEPLOYMENT_TARGET = 17.0;
				LOCALIZATION_PREFERS_STRING_CATALOGS = YES;
				MTL_ENABLE_DEBUG_INFO = INCLUDE_SOURCE;
				MTL_FAST_MATH = YES;
				ONLY_ACTIVE_ARCH = YES;
				OTHER_LDFLAGS = "-ObjC";
				SDKROOT = iphoneos;
				SWIFT_ACTIVE_COMPILATION_CONDITIONS = "DEBUG $(inherited)";
				SWIFT_OPTIMIZATION_LEVEL = "-Onone";
			};
			name = Debug;
		};
		D168FFDE2ADFC22400E148E5 /* Release */ = {
			isa = XCBuildConfiguration;
			buildSettings = {
				ALWAYS_SEARCH_USER_PATHS = NO;
				ASSETCATALOG_COMPILER_GENERATE_SWIFT_ASSET_SYMBOL_EXTENSIONS = YES;
				CLANG_ANALYZER_NONNULL = YES;
				CLANG_ANALYZER_NUMBER_OBJECT_CONVERSION = YES_AGGRESSIVE;
				CLANG_CXX_LANGUAGE_STANDARD = "gnu++20";
				CLANG_ENABLE_MODULES = YES;
				CLANG_ENABLE_OBJC_ARC = YES;
				CLANG_ENABLE_OBJC_WEAK = YES;
				CLANG_WARN_BLOCK_CAPTURE_AUTORELEASING = YES;
				CLANG_WARN_BOOL_CONVERSION = YES;
				CLANG_WARN_COMMA = YES;
				CLANG_WARN_CONSTANT_CONVERSION = YES;
				CLANG_WARN_DEPRECATED_OBJC_IMPLEMENTATIONS = YES;
				CLANG_WARN_DIRECT_OBJC_ISA_USAGE = YES_ERROR;
				CLANG_WARN_DOCUMENTATION_COMMENTS = YES;
				CLANG_WARN_EMPTY_BODY = YES;
				CLANG_WARN_ENUM_CONVERSION = YES;
				CLANG_WARN_INFINITE_RECURSION = YES;
				CLANG_WARN_INT_CONVERSION = YES;
				CLANG_WARN_NON_LITERAL_NULL_CONVERSION = YES;
				CLANG_WARN_OBJC_IMPLICIT_RETAIN_SELF = YES;
				CLANG_WARN_OBJC_LITERAL_CONVERSION = YES;
				CLANG_WARN_OBJC_ROOT_CLASS = YES_ERROR;
				CLANG_WARN_QUOTED_INCLUDE_IN_FRAMEWORK_HEADER = YES;
				CLANG_WARN_RANGE_LOOP_ANALYSIS = YES;
				CLANG_WARN_STRICT_PROTOTYPES = YES;
				CLANG_WARN_SUSPICIOUS_MOVE = YES;
				CLANG_WARN_UNGUARDED_AVAILABILITY = YES_AGGRESSIVE;
				CLANG_WARN_UNREACHABLE_CODE = YES;
				CLANG_WARN__DUPLICATE_METHOD_MATCH = YES;
				COPY_PHASE_STRIP = NO;
				DEBUG_INFORMATION_FORMAT = "dwarf-with-dsym";
				ENABLE_NS_ASSERTIONS = NO;
				ENABLE_STRICT_OBJC_MSGSEND = YES;
				ENABLE_USER_SCRIPT_SANDBOXING = YES;
				GCC_C_LANGUAGE_STANDARD = gnu17;
				GCC_NO_COMMON_BLOCKS = YES;
				GCC_WARN_64_TO_32_BIT_CONVERSION = YES;
				GCC_WARN_ABOUT_RETURN_TYPE = YES_ERROR;
				GCC_WARN_UNDECLARED_SELECTOR = YES;
				GCC_WARN_UNINITIALIZED_AUTOS = YES_AGGRESSIVE;
				GCC_WARN_UNUSED_FUNCTION = YES;
				GCC_WARN_UNUSED_VARIABLE = YES;
				IPHONEOS_DEPLOYMENT_TARGET = 17.0;
				LOCALIZATION_PREFERS_STRING_CATALOGS = YES;
				MTL_ENABLE_DEBUG_INFO = NO;
				MTL_FAST_MATH = YES;
				OTHER_LDFLAGS = "-ObjC";
				SDKROOT = iphoneos;
				SWIFT_COMPILATION_MODE = wholemodule;
				VALIDATE_PRODUCT = YES;
			};
			name = Release;
		};
		D168FFE02ADFC22400E148E5 /* Debug */ = {
			isa = XCBuildConfiguration;
			buildSettings = {
				ASSETCATALOG_COMPILER_APPICON_NAME = AppIcon;
				ASSETCATALOG_COMPILER_GLOBAL_ACCENT_COLOR_NAME = AccentColor;
				CODE_SIGN_STYLE = Automatic;
				CURRENT_PROJECT_VERSION = 1;
				DEVELOPMENT_TEAM = UH5437SQWZ;
				GENERATE_INFOPLIST_FILE = YES;
				INFOPLIST_FILE = SavingTheWorldFromLilithsEvilSpell2/Info.plist;
				INFOPLIST_KEY_UIApplicationSupportsIndirectInputEvents = YES;
				INFOPLIST_KEY_UILaunchStoryboardName = LaunchScreen;
				INFOPLIST_KEY_UISupportedInterfaceOrientations_iPad = "UIInterfaceOrientationPortrait UIInterfaceOrientationPortraitUpsideDown UIInterfaceOrientationLandscapeLeft UIInterfaceOrientationLandscapeRight";
				INFOPLIST_KEY_UISupportedInterfaceOrientations_iPhone = "UIInterfaceOrientationPortrait UIInterfaceOrientationLandscapeLeft UIInterfaceOrientationLandscapeRight";
				LD_RUNPATH_SEARCH_PATHS = (
					"$(inherited)",
					"@executable_path/Frameworks",
				);
				MARKETING_VERSION = 1.0;
				OTHER_LDFLAGS = "-ObjC";
				PRODUCT_BUNDLE_IDENTIFIER = com.neonapps.education.SwiftyStoreKitDemo.SavingTheWorldFromLilithsEvilSpell2;
				PRODUCT_NAME = "$(TARGET_NAME)";
				SWIFT_EMIT_LOC_STRINGS = YES;
				SWIFT_VERSION = 5.0;
				TARGETED_DEVICE_FAMILY = "1,2";
			};
			name = Debug;
		};
		D168FFE12ADFC22400E148E5 /* Release */ = {
			isa = XCBuildConfiguration;
			buildSettings = {
				ASSETCATALOG_COMPILER_APPICON_NAME = AppIcon;
				ASSETCATALOG_COMPILER_GLOBAL_ACCENT_COLOR_NAME = AccentColor;
				CODE_SIGN_STYLE = Automatic;
				CURRENT_PROJECT_VERSION = 1;
				DEVELOPMENT_TEAM = UH5437SQWZ;
				GENERATE_INFOPLIST_FILE = YES;
				INFOPLIST_FILE = SavingTheWorldFromLilithsEvilSpell2/Info.plist;
				INFOPLIST_KEY_UIApplicationSupportsIndirectInputEvents = YES;
				INFOPLIST_KEY_UILaunchStoryboardName = LaunchScreen;
				INFOPLIST_KEY_UISupportedInterfaceOrientations_iPad = "UIInterfaceOrientationPortrait UIInterfaceOrientationPortraitUpsideDown UIInterfaceOrientationLandscapeLeft UIInterfaceOrientationLandscapeRight";
				INFOPLIST_KEY_UISupportedInterfaceOrientations_iPhone = "UIInterfaceOrientationPortrait UIInterfaceOrientationLandscapeLeft UIInterfaceOrientationLandscapeRight";
				LD_RUNPATH_SEARCH_PATHS = (
					"$(inherited)",
					"@executable_path/Frameworks",
				);
				MARKETING_VERSION = 1.0;
				OTHER_LDFLAGS = "-ObjC";
				PRODUCT_BUNDLE_IDENTIFIER = com.neonapps.education.SwiftyStoreKitDemo.SavingTheWorldFromLilithsEvilSpell2;
				PRODUCT_NAME = "$(TARGET_NAME)";
				SWIFT_EMIT_LOC_STRINGS = YES;
				SWIFT_VERSION = 5.0;
				TARGETED_DEVICE_FAMILY = "1,2";
			};
			name = Release;
		};
/* End XCBuildConfiguration section */

/* Begin XCConfigurationList section */
		D168FFC62ADFC22200E148E5 /* Build configuration list for PBXProject "SavingTheWorldFromLilithsEvilSpell2" */ = {
			isa = XCConfigurationList;
			buildConfigurations = (
				D168FFDD2ADFC22400E148E5 /* Debug */,
				D168FFDE2ADFC22400E148E5 /* Release */,
			);
			defaultConfigurationIsVisible = 0;
			defaultConfigurationName = Release;
		};
		D168FFDF2ADFC22400E148E5 /* Build configuration list for PBXNativeTarget "SavingTheWorldFromLilithsEvilSpell2" */ = {
			isa = XCConfigurationList;
			buildConfigurations = (
				D168FFE02ADFC22400E148E5 /* Debug */,
				D168FFE12ADFC22400E148E5 /* Release */,
			);
			defaultConfigurationIsVisible = 0;
			defaultConfigurationName = Release;
		};
/* End XCConfigurationList section */

/* Begin XCRemoteSwiftPackageReference section */
		D16800052ADFCFA800E148E5 /* XCRemoteSwiftPackageReference "SnapKit" */ = {
			isa = XCRemoteSwiftPackageReference;
			repositoryURL = "https://github.com/SnapKit/SnapKit.git";
			requirement = {
				kind = upToNextMajorVersion;
				minimumVersion = 5.6.0;
			};
		};
		D168FFE22ADFC28B00E148E5 /* XCRemoteSwiftPackageReference "swift-package-manager-google-mobile-ads" */ = {
			isa = XCRemoteSwiftPackageReference;
			repositoryURL = "https://github.com/googleads/swift-package-manager-google-mobile-ads.git";
			requirement = {
				kind = upToNextMajorVersion;
				minimumVersion = 10.12.0;
			};
		};
/* End XCRemoteSwiftPackageReference section */

/* Begin XCSwiftPackageProductDependency section */
		D16800062ADFCFA800E148E5 /* SnapKit */ = {
			isa = XCSwiftPackageProductDependency;
			package = D16800052ADFCFA800E148E5 /* XCRemoteSwiftPackageReference "SnapKit" */;
			productName = SnapKit;
		};
		D16800082ADFCFA800E148E5 /* SnapKit-Dynamic */ = {
			isa = XCSwiftPackageProductDependency;
			package = D16800052ADFCFA800E148E5 /* XCRemoteSwiftPackageReference "SnapKit" */;
			productName = "SnapKit-Dynamic";
		};
		D168FFE32ADFC28B00E148E5 /* GoogleMobileAds */ = {
			isa = XCSwiftPackageProductDependency;
			package = D168FFE22ADFC28B00E148E5 /* XCRemoteSwiftPackageReference "swift-package-manager-google-mobile-ads" */;
			productName = GoogleMobileAds;
		};
/* End XCSwiftPackageProductDependency section */
	};
	rootObject = D168FFC32ADFC22200E148E5 /* Project object */;
}
